// !$*UTF8*$!
{
	archiveVersion = 1;
	classes = {
	};
	objectVersion = 50;
	objects = {

/* Begin PBXBuildFile section */
		D805A981230BC971000F4058 /* BadgeBackground.swift in Sources */ = {isa = PBXBuildFile; fileRef = D805A980230BC971000F4058 /* BadgeBackground.swift */; };
		D805A983230BCAB9000F4058 /* BadgeSymbol.swift in Sources */ = {isa = PBXBuildFile; fileRef = D805A982230BCAB9000F4058 /* BadgeSymbol.swift */; };
		D805A985230BCCC9000F4058 /* RotatedBadgeSymbol.swift in Sources */ = {isa = PBXBuildFile; fileRef = D805A984230BCCC9000F4058 /* RotatedBadgeSymbol.swift */; };
		D845DA432309814700C1508F /* LandmarkRow.swift in Sources */ = {isa = PBXBuildFile; fileRef = D845DA422309814700C1508F /* LandmarkRow.swift */; };
		D845DA452309839700C1508F /* LandmarkList.swift in Sources */ = {isa = PBXBuildFile; fileRef = D845DA442309839700C1508F /* LandmarkList.swift */; };
		D854EE342304F27B00CFA3A8 /* AppDelegate.swift in Sources */ = {isa = PBXBuildFile; fileRef = D854EE332304F27B00CFA3A8 /* AppDelegate.swift */; };
		D854EE362304F27B00CFA3A8 /* SceneDelegate.swift in Sources */ = {isa = PBXBuildFile; fileRef = D854EE352304F27B00CFA3A8 /* SceneDelegate.swift */; };
		D854EE382304F27B00CFA3A8 /* ContentView.swift in Sources */ = {isa = PBXBuildFile; fileRef = D854EE372304F27B00CFA3A8 /* ContentView.swift */; };
		D854EE3A2304F27E00CFA3A8 /* Assets.xcassets in Resources */ = {isa = PBXBuildFile; fileRef = D854EE392304F27E00CFA3A8 /* Assets.xcassets */; };
		D854EE3D2304F27E00CFA3A8 /* Preview Assets.xcassets in Resources */ = {isa = PBXBuildFile; fileRef = D854EE3C2304F27E00CFA3A8 /* Preview Assets.xcassets */; };
		D854EE402304F27E00CFA3A8 /* LaunchScreen.storyboard in Resources */ = {isa = PBXBuildFile; fileRef = D854EE3E2304F27E00CFA3A8 /* LaunchScreen.storyboard */; };
		D854EE4B2304F27E00CFA3A8 /* SwiftUIDemoTests.swift in Sources */ = {isa = PBXBuildFile; fileRef = D854EE4A2304F27E00CFA3A8 /* SwiftUIDemoTests.swift */; };
		D854EE562304F27E00CFA3A8 /* SwiftUIDemoUITests.swift in Sources */ = {isa = PBXBuildFile; fileRef = D854EE552304F27E00CFA3A8 /* SwiftUIDemoUITests.swift */; };
		D865980F230A32C9001961EE /* HandingUserInput.swift in Sources */ = {isa = PBXBuildFile; fileRef = D865980E230A32C9001961EE /* HandingUserInput.swift */; };
		D8659811230A395B001961EE /* UserData.swift in Sources */ = {isa = PBXBuildFile; fileRef = D8659810230A395B001961EE /* UserData.swift */; };
		D8659814230BB08F001961EE /* Badge.swift in Sources */ = {isa = PBXBuildFile; fileRef = D8659813230BB08F001961EE /* Badge.swift */; };
		D8659816230BB0E2001961EE /* HexagonParameters.swift in Sources */ = {isa = PBXBuildFile; fileRef = D8659815230BB0E2001961EE /* HexagonParameters.swift */; };
		D8D841FF2306A96400F97FBE /* CircleImage.swift in Sources */ = {isa = PBXBuildFile; fileRef = D8D841FE2306A96400F97FBE /* CircleImage.swift */; };
		D8D842012306AA8A00F97FBE /* MapView.swift in Sources */ = {isa = PBXBuildFile; fileRef = D8D842002306AA8A00F97FBE /* MapView.swift */; };
		D8D842032306B37A00F97FBE /* CreatingAndCombingViews.swift in Sources */ = {isa = PBXBuildFile; fileRef = D8D842022306B37A00F97FBE /* CreatingAndCombingViews.swift */; };
		D8D842082309698E00F97FBE /* BuildingListsAndNavigation.swift in Sources */ = {isa = PBXBuildFile; fileRef = D8D842072309698E00F97FBE /* BuildingListsAndNavigation.swift */; };
		D8D8420A230969B200F97FBE /* Landmark.swift in Sources */ = {isa = PBXBuildFile; fileRef = D8D84209230969B200F97FBE /* Landmark.swift */; };
		D8D8420C23096ED400F97FBE /* Data.swift in Sources */ = {isa = PBXBuildFile; fileRef = D8D8420B23096ED400F97FBE /* Data.swift */; };
		D8D8421B2309802000F97FBE /* turtlerock.jpg in Resources */ = {isa = PBXBuildFile; fileRef = D8D8420E2309802000F97FBE /* turtlerock.jpg */; };
		D8D8421C2309802000F97FBE /* silversalmoncreek.jpg in Resources */ = {isa = PBXBuildFile; fileRef = D8D8420F2309802000F97FBE /* silversalmoncreek.jpg */; };
		D8D8421D2309802000F97FBE /* icybay.jpg in Resources */ = {isa = PBXBuildFile; fileRef = D8D842102309802000F97FBE /* icybay.jpg */; };
		D8D8421E2309802000F97FBE /* lakemcdonald.jpg in Resources */ = {isa = PBXBuildFile; fileRef = D8D842112309802000F97FBE /* lakemcdonald.jpg */; };
		D8D8421F2309802000F97FBE /* hiddenlake.jpg in Resources */ = {isa = PBXBuildFile; fileRef = D8D842122309802000F97FBE /* hiddenlake.jpg */; };
		D8D842202309802000F97FBE /* twinlake.jpg in Resources */ = {isa = PBXBuildFile; fileRef = D8D842132309802000F97FBE /* twinlake.jpg */; };
		D8D842212309802000F97FBE /* umbagog.jpg in Resources */ = {isa = PBXBuildFile; fileRef = D8D842142309802000F97FBE /* umbagog.jpg */; };
		D8D842222309802000F97FBE /* landmarkData.json in Resources */ = {isa = PBXBuildFile; fileRef = D8D842152309802000F97FBE /* landmarkData.json */; };
		D8D842232309802000F97FBE /* chincoteague.jpg in Resources */ = {isa = PBXBuildFile; fileRef = D8D842162309802000F97FBE /* chincoteague.jpg */; };
		D8D842242309802000F97FBE /* yukon_charleyrivers.jpg in Resources */ = {isa = PBXBuildFile; fileRef = D8D842172309802000F97FBE /* yukon_charleyrivers.jpg */; };
		D8D842252309802000F97FBE /* stmarylake.jpg in Resources */ = {isa = PBXBuildFile; fileRef = D8D842182309802000F97FBE /* stmarylake.jpg */; };
		D8D842262309802000F97FBE /* chilkoottrail.jpg in Resources */ = {isa = PBXBuildFile; fileRef = D8D842192309802000F97FBE /* chilkoottrail.jpg */; };
		D8D842272309802000F97FBE /* rainbowlake.jpg in Resources */ = {isa = PBXBuildFile; fileRef = D8D8421A2309802000F97FBE /* rainbowlake.jpg */; };
/* End PBXBuildFile section */

/* Begin PBXContainerItemProxy section */
		D854EE472304F27E00CFA3A8 /* PBXContainerItemProxy */ = {
			isa = PBXContainerItemProxy;
			containerPortal = D854EE282304F27B00CFA3A8 /* Project object */;
			proxyType = 1;
			remoteGlobalIDString = D854EE2F2304F27B00CFA3A8;
			remoteInfo = SwiftUIDemo;
		};
		D854EE522304F27E00CFA3A8 /* PBXContainerItemProxy */ = {
			isa = PBXContainerItemProxy;
			containerPortal = D854EE282304F27B00CFA3A8 /* Project object */;
			proxyType = 1;
			remoteGlobalIDString = D854EE2F2304F27B00CFA3A8;
			remoteInfo = SwiftUIDemo;
		};
/* End PBXContainerItemProxy section */

/* Begin PBXFileReference section */
		D805A980230BC971000F4058 /* BadgeBackground.swift */ = {isa = PBXFileReference; lastKnownFileType = sourcecode.swift; path = BadgeBackground.swift; sourceTree = "<group>"; };
		D805A982230BCAB9000F4058 /* BadgeSymbol.swift */ = {isa = PBXFileReference; lastKnownFileType = sourcecode.swift; path = BadgeSymbol.swift; sourceTree = "<group>"; };
		D805A984230BCCC9000F4058 /* RotatedBadgeSymbol.swift */ = {isa = PBXFileReference; lastKnownFileType = sourcecode.swift; path = RotatedBadgeSymbol.swift; sourceTree = "<group>"; };
		D845DA422309814700C1508F /* LandmarkRow.swift */ = {isa = PBXFileReference; lastKnownFileType = sourcecode.swift; path = LandmarkRow.swift; sourceTree = "<group>"; };
		D845DA442309839700C1508F /* LandmarkList.swift */ = {isa = PBXFileReference; lastKnownFileType = sourcecode.swift; path = LandmarkList.swift; sourceTree = "<group>"; };
		D854EE302304F27B00CFA3A8 /* SwiftUIDemo.app */ = {isa = PBXFileReference; explicitFileType = wrapper.application; includeInIndex = 0; path = SwiftUIDemo.app; sourceTree = BUILT_PRODUCTS_DIR; };
		D854EE332304F27B00CFA3A8 /* AppDelegate.swift */ = {isa = PBXFileReference; lastKnownFileType = sourcecode.swift; path = AppDelegate.swift; sourceTree = "<group>"; };
		D854EE352304F27B00CFA3A8 /* SceneDelegate.swift */ = {isa = PBXFileReference; lastKnownFileType = sourcecode.swift; path = SceneDelegate.swift; sourceTree = "<group>"; };
		D854EE372304F27B00CFA3A8 /* ContentView.swift */ = {isa = PBXFileReference; lastKnownFileType = sourcecode.swift; path = ContentView.swift; sourceTree = "<group>"; };
		D854EE392304F27E00CFA3A8 /* Assets.xcassets */ = {isa = PBXFileReference; lastKnownFileType = folder.assetcatalog; path = Assets.xcassets; sourceTree = "<group>"; };
		D854EE3C2304F27E00CFA3A8 /* Preview Assets.xcassets */ = {isa = PBXFileReference; lastKnownFileType = folder.assetcatalog; path = "Preview Assets.xcassets"; sourceTree = "<group>"; };
		D854EE3F2304F27E00CFA3A8 /* Base */ = {isa = PBXFileReference; lastKnownFileType = file.storyboard; name = Base; path = Base.lproj/LaunchScreen.storyboard; sourceTree = "<group>"; };
		D854EE412304F27E00CFA3A8 /* Info.plist */ = {isa = PBXFileReference; lastKnownFileType = text.plist.xml; path = Info.plist; sourceTree = "<group>"; };
		D854EE462304F27E00CFA3A8 /* SwiftUIDemoTests.xctest */ = {isa = PBXFileReference; explicitFileType = wrapper.cfbundle; includeInIndex = 0; path = SwiftUIDemoTests.xctest; sourceTree = BUILT_PRODUCTS_DIR; };
		D854EE4A2304F27E00CFA3A8 /* SwiftUIDemoTests.swift */ = {isa = PBXFileReference; lastKnownFileType = sourcecode.swift; path = SwiftUIDemoTests.swift; sourceTree = "<group>"; };
		D854EE4C2304F27E00CFA3A8 /* Info.plist */ = {isa = PBXFileReference; lastKnownFileType = text.plist.xml; path = Info.plist; sourceTree = "<group>"; };
		D854EE512304F27E00CFA3A8 /* SwiftUIDemoUITests.xctest */ = {isa = PBXFileReference; explicitFileType = wrapper.cfbundle; includeInIndex = 0; path = SwiftUIDemoUITests.xctest; sourceTree = BUILT_PRODUCTS_DIR; };
		D854EE552304F27E00CFA3A8 /* SwiftUIDemoUITests.swift */ = {isa = PBXFileReference; lastKnownFileType = sourcecode.swift; path = SwiftUIDemoUITests.swift; sourceTree = "<group>"; };
		D854EE572304F27E00CFA3A8 /* Info.plist */ = {isa = PBXFileReference; lastKnownFileType = text.plist.xml; path = Info.plist; sourceTree = "<group>"; };
		D865980E230A32C9001961EE /* HandingUserInput.swift */ = {isa = PBXFileReference; lastKnownFileType = sourcecode.swift; path = HandingUserInput.swift; sourceTree = "<group>"; };
		D8659810230A395B001961EE /* UserData.swift */ = {isa = PBXFileReference; lastKnownFileType = sourcecode.swift; path = UserData.swift; sourceTree = "<group>"; };
		D8659813230BB08F001961EE /* Badge.swift */ = {isa = PBXFileReference; lastKnownFileType = sourcecode.swift; path = Badge.swift; sourceTree = "<group>"; };
		D8659815230BB0E2001961EE /* HexagonParameters.swift */ = {isa = PBXFileReference; lastKnownFileType = sourcecode.swift; path = HexagonParameters.swift; sourceTree = "<group>"; };
		D8D841FE2306A96400F97FBE /* CircleImage.swift */ = {isa = PBXFileReference; lastKnownFileType = sourcecode.swift; path = CircleImage.swift; sourceTree = "<group>"; };
		D8D842002306AA8A00F97FBE /* MapView.swift */ = {isa = PBXFileReference; lastKnownFileType = sourcecode.swift; path = MapView.swift; sourceTree = "<group>"; };
		D8D842022306B37A00F97FBE /* CreatingAndCombingViews.swift */ = {isa = PBXFileReference; lastKnownFileType = sourcecode.swift; path = CreatingAndCombingViews.swift; sourceTree = "<group>"; };
		D8D842072309698E00F97FBE /* BuildingListsAndNavigation.swift */ = {isa = PBXFileReference; lastKnownFileType = sourcecode.swift; path = BuildingListsAndNavigation.swift; sourceTree = "<group>"; };
		D8D84209230969B200F97FBE /* Landmark.swift */ = {isa = PBXFileReference; lastKnownFileType = sourcecode.swift; path = Landmark.swift; sourceTree = "<group>"; };
		D8D8420B23096ED400F97FBE /* Data.swift */ = {isa = PBXFileReference; fileEncoding = 4; lastKnownFileType = sourcecode.swift; path = Data.swift; sourceTree = "<group>"; };
		D8D8420E2309802000F97FBE /* turtlerock.jpg */ = {isa = PBXFileReference; lastKnownFileType = image.jpeg; path = turtlerock.jpg; sourceTree = "<group>"; };
		D8D8420F2309802000F97FBE /* silversalmoncreek.jpg */ = {isa = PBXFileReference; lastKnownFileType = image.jpeg; path = silversalmoncreek.jpg; sourceTree = "<group>"; };
		D8D842102309802000F97FBE /* icybay.jpg */ = {isa = PBXFileReference; lastKnownFileType = image.jpeg; path = icybay.jpg; sourceTree = "<group>"; };
		D8D842112309802000F97FBE /* lakemcdonald.jpg */ = {isa = PBXFileReference; lastKnownFileType = image.jpeg; path = lakemcdonald.jpg; sourceTree = "<group>"; };
		D8D842122309802000F97FBE /* hiddenlake.jpg */ = {isa = PBXFileReference; lastKnownFileType = image.jpeg; path = hiddenlake.jpg; sourceTree = "<group>"; };
		D8D842132309802000F97FBE /* twinlake.jpg */ = {isa = PBXFileReference; lastKnownFileType = image.jpeg; path = twinlake.jpg; sourceTree = "<group>"; };
		D8D842142309802000F97FBE /* umbagog.jpg */ = {isa = PBXFileReference; lastKnownFileType = image.jpeg; path = umbagog.jpg; sourceTree = "<group>"; };
		D8D842152309802000F97FBE /* landmarkData.json */ = {isa = PBXFileReference; fileEncoding = 4; lastKnownFileType = text.json; path = landmarkData.json; sourceTree = "<group>"; };
		D8D842162309802000F97FBE /* chincoteague.jpg */ = {isa = PBXFileReference; lastKnownFileType = image.jpeg; path = chincoteague.jpg; sourceTree = "<group>"; };
		D8D842172309802000F97FBE /* yukon_charleyrivers.jpg */ = {isa = PBXFileReference; lastKnownFileType = image.jpeg; path = yukon_charleyrivers.jpg; sourceTree = "<group>"; };
		D8D842182309802000F97FBE /* stmarylake.jpg */ = {isa = PBXFileReference; lastKnownFileType = image.jpeg; path = stmarylake.jpg; sourceTree = "<group>"; };
		D8D842192309802000F97FBE /* chilkoottrail.jpg */ = {isa = PBXFileReference; lastKnownFileType = image.jpeg; path = chilkoottrail.jpg; sourceTree = "<group>"; };
		D8D8421A2309802000F97FBE /* rainbowlake.jpg */ = {isa = PBXFileReference; lastKnownFileType = image.jpeg; path = rainbowlake.jpg; sourceTree = "<group>"; };
/* End PBXFileReference section */

/* Begin PBXFrameworksBuildPhase section */
		D854EE2D2304F27B00CFA3A8 /* Frameworks */ = {
			isa = PBXFrameworksBuildPhase;
			buildActionMask = 2147483647;
			files = (
			);
			runOnlyForDeploymentPostprocessing = 0;
		};
		D854EE432304F27E00CFA3A8 /* Frameworks */ = {
			isa = PBXFrameworksBuildPhase;
			buildActionMask = 2147483647;
			files = (
			);
			runOnlyForDeploymentPostprocessing = 0;
		};
		D854EE4E2304F27E00CFA3A8 /* Frameworks */ = {
			isa = PBXFrameworksBuildPhase;
			buildActionMask = 2147483647;
			files = (
			);
			runOnlyForDeploymentPostprocessing = 0;
		};
/* End PBXFrameworksBuildPhase section */

/* Begin PBXGroup section */
		D854EE272304F27B00CFA3A8 = {
			isa = PBXGroup;
			children = (
				D854EE322304F27B00CFA3A8 /* SwiftUIDemo */,
				D854EE492304F27E00CFA3A8 /* SwiftUIDemoTests */,
				D854EE542304F27E00CFA3A8 /* SwiftUIDemoUITests */,
				D854EE312304F27B00CFA3A8 /* Products */,
			);
			sourceTree = "<group>";
		};
		D854EE312304F27B00CFA3A8 /* Products */ = {
			isa = PBXGroup;
			children = (
				D854EE302304F27B00CFA3A8 /* SwiftUIDemo.app */,
				D854EE462304F27E00CFA3A8 /* SwiftUIDemoTests.xctest */,
				D854EE512304F27E00CFA3A8 /* SwiftUIDemoUITests.xctest */,
			);
			name = Products;
			sourceTree = "<group>";
		};
		D854EE322304F27B00CFA3A8 /* SwiftUIDemo */ = {
			isa = PBXGroup;
			children = (
				D854EE332304F27B00CFA3A8 /* AppDelegate.swift */,
				D854EE352304F27B00CFA3A8 /* SceneDelegate.swift */,
				D854EE372304F27B00CFA3A8 /* ContentView.swift */,
				D8D842042306B56200F97FBE /* Creating and Combing Views */,
				D8D842062309695500F97FBE /* Building Lists and Navigation */,
				D865980D230A32A7001961EE /* Handing User Input */,
				D8659812230BB061001961EE /* Drawing Paths and Shapes */,
				D8D8420D2309802000F97FBE /* Resources */,
				D8D842052306B57E00F97FBE /* Supporting Files */,
				D854EE3B2304F27E00CFA3A8 /* Preview Content */,
			);
			path = SwiftUIDemo;
			sourceTree = "<group>";
		};
		D854EE3B2304F27E00CFA3A8 /* Preview Content */ = {
			isa = PBXGroup;
			children = (
				D854EE3C2304F27E00CFA3A8 /* Preview Assets.xcassets */,
			);
			path = "Preview Content";
			sourceTree = "<group>";
		};
		D854EE492304F27E00CFA3A8 /* SwiftUIDemoTests */ = {
			isa = PBXGroup;
			children = (
				D854EE4A2304F27E00CFA3A8 /* SwiftUIDemoTests.swift */,
				D854EE4C2304F27E00CFA3A8 /* Info.plist */,
			);
			path = SwiftUIDemoTests;
			sourceTree = "<group>";
		};
		D854EE542304F27E00CFA3A8 /* SwiftUIDemoUITests */ = {
			isa = PBXGroup;
			children = (
				D854EE552304F27E00CFA3A8 /* SwiftUIDemoUITests.swift */,
				D854EE572304F27E00CFA3A8 /* Info.plist */,
			);
			path = SwiftUIDemoUITests;
			sourceTree = "<group>";
		};
		D865980D230A32A7001961EE /* Handing User Input */ = {
			isa = PBXGroup;
			children = (
				D865980E230A32C9001961EE /* HandingUserInput.swift */,
			);
			path = "Handing User Input";
			sourceTree = "<group>";
		};
		D8659812230BB061001961EE /* Drawing Paths and Shapes */ = {
			isa = PBXGroup;
			children = (
				D8659813230BB08F001961EE /* Badge.swift */,
				D8659815230BB0E2001961EE /* HexagonParameters.swift */,
				D805A980230BC971000F4058 /* BadgeBackground.swift */,
				D805A982230BCAB9000F4058 /* BadgeSymbol.swift */,
				D805A984230BCCC9000F4058 /* RotatedBadgeSymbol.swift */,
			);
			path = "Drawing Paths and Shapes";
			sourceTree = "<group>";
		};
		D8D842042306B56200F97FBE /* Creating and Combing Views */ = {
			isa = PBXGroup;
			children = (
				D8D842022306B37A00F97FBE /* CreatingAndCombingViews.swift */,
				D8D841FE2306A96400F97FBE /* CircleImage.swift */,
				D8D842002306AA8A00F97FBE /* MapView.swift */,
			);
			path = "Creating and Combing Views";
			sourceTree = "<group>";
		};
		D8D842052306B57E00F97FBE /* Supporting Files */ = {
			isa = PBXGroup;
			children = (
				D854EE392304F27E00CFA3A8 /* Assets.xcassets */,
				D854EE3E2304F27E00CFA3A8 /* LaunchScreen.storyboard */,
				D854EE412304F27E00CFA3A8 /* Info.plist */,
			);
			path = "Supporting Files";
			sourceTree = "<group>";
		};
		D8D842062309695500F97FBE /* Building Lists and Navigation */ = {
			isa = PBXGroup;
			children = (
				D8D842072309698E00F97FBE /* BuildingListsAndNavigation.swift */,
				D8D8420B23096ED400F97FBE /* Data.swift */,
				D8D84209230969B200F97FBE /* Landmark.swift */,
				D845DA422309814700C1508F /* LandmarkRow.swift */,
				D845DA442309839700C1508F /* LandmarkList.swift */,
				D8659810230A395B001961EE /* UserData.swift */,
			);
			path = "Building Lists and Navigation";
			sourceTree = "<group>";
		};
		D8D8420D2309802000F97FBE /* Resources */ = {
			isa = PBXGroup;
			children = (
				D8D842152309802000F97FBE /* landmarkData.json */,
				D8D8420E2309802000F97FBE /* turtlerock.jpg */,
				D8D8420F2309802000F97FBE /* silversalmoncreek.jpg */,
				D8D842102309802000F97FBE /* icybay.jpg */,
				D8D842112309802000F97FBE /* lakemcdonald.jpg */,
				D8D842122309802000F97FBE /* hiddenlake.jpg */,
				D8D842132309802000F97FBE /* twinlake.jpg */,
				D8D842142309802000F97FBE /* umbagog.jpg */,
				D8D842162309802000F97FBE /* chincoteague.jpg */,
				D8D842172309802000F97FBE /* yukon_charleyrivers.jpg */,
				D8D842182309802000F97FBE /* stmarylake.jpg */,
				D8D842192309802000F97FBE /* chilkoottrail.jpg */,
				D8D8421A2309802000F97FBE /* rainbowlake.jpg */,
			);
			path = Resources;
			sourceTree = "<group>";
		};
/* End PBXGroup section */

/* Begin PBXNativeTarget section */
		D854EE2F2304F27B00CFA3A8 /* SwiftUIDemo */ = {
			isa = PBXNativeTarget;
			buildConfigurationList = D854EE5A2304F27E00CFA3A8 /* Build configuration list for PBXNativeTarget "SwiftUIDemo" */;
			buildPhases = (
				D854EE2C2304F27B00CFA3A8 /* Sources */,
				D854EE2D2304F27B00CFA3A8 /* Frameworks */,
				D854EE2E2304F27B00CFA3A8 /* Resources */,
			);
			buildRules = (
			);
			dependencies = (
			);
			name = SwiftUIDemo;
			productName = SwiftUIDemo;
			productReference = D854EE302304F27B00CFA3A8 /* SwiftUIDemo.app */;
			productType = "com.apple.product-type.application";
		};
		D854EE452304F27E00CFA3A8 /* SwiftUIDemoTests */ = {
			isa = PBXNativeTarget;
			buildConfigurationList = D854EE5D2304F27E00CFA3A8 /* Build configuration list for PBXNativeTarget "SwiftUIDemoTests" */;
			buildPhases = (
				D854EE422304F27E00CFA3A8 /* Sources */,
				D854EE432304F27E00CFA3A8 /* Frameworks */,
				D854EE442304F27E00CFA3A8 /* Resources */,
			);
			buildRules = (
			);
			dependencies = (
				D854EE482304F27E00CFA3A8 /* PBXTargetDependency */,
			);
			name = SwiftUIDemoTests;
			productName = SwiftUIDemoTests;
			productReference = D854EE462304F27E00CFA3A8 /* SwiftUIDemoTests.xctest */;
			productType = "com.apple.product-type.bundle.unit-test";
		};
		D854EE502304F27E00CFA3A8 /* SwiftUIDemoUITests */ = {
			isa = PBXNativeTarget;
			buildConfigurationList = D854EE602304F27E00CFA3A8 /* Build configuration list for PBXNativeTarget "SwiftUIDemoUITests" */;
			buildPhases = (
				D854EE4D2304F27E00CFA3A8 /* Sources */,
				D854EE4E2304F27E00CFA3A8 /* Frameworks */,
				D854EE4F2304F27E00CFA3A8 /* Resources */,
			);
			buildRules = (
			);
			dependencies = (
				D854EE532304F27E00CFA3A8 /* PBXTargetDependency */,
			);
			name = SwiftUIDemoUITests;
			productName = SwiftUIDemoUITests;
			productReference = D854EE512304F27E00CFA3A8 /* SwiftUIDemoUITests.xctest */;
			productType = "com.apple.product-type.bundle.ui-testing";
		};
/* End PBXNativeTarget section */

/* Begin PBXProject section */
		D854EE282304F27B00CFA3A8 /* Project object */ = {
			isa = PBXProject;
			attributes = {
				LastSwiftUpdateCheck = 1100;
				LastUpgradeCheck = 1100;
				ORGANIZATIONNAME = XuHongfei;
				TargetAttributes = {
					D854EE2F2304F27B00CFA3A8 = {
						CreatedOnToolsVersion = 11.0;
					};
					D854EE452304F27E00CFA3A8 = {
						CreatedOnToolsVersion = 11.0;
						TestTargetID = D854EE2F2304F27B00CFA3A8;
					};
					D854EE502304F27E00CFA3A8 = {
						CreatedOnToolsVersion = 11.0;
						TestTargetID = D854EE2F2304F27B00CFA3A8;
					};
				};
			};
			buildConfigurationList = D854EE2B2304F27B00CFA3A8 /* Build configuration list for PBXProject "SwiftUIDemo" */;
			compatibilityVersion = "Xcode 9.3";
			developmentRegion = en;
			hasScannedForEncodings = 0;
			knownRegions = (
				en,
				Base,
			);
			mainGroup = D854EE272304F27B00CFA3A8;
			productRefGroup = D854EE312304F27B00CFA3A8 /* Products */;
			projectDirPath = "";
			projectRoot = "";
			targets = (
				D854EE2F2304F27B00CFA3A8 /* SwiftUIDemo */,
				D854EE452304F27E00CFA3A8 /* SwiftUIDemoTests */,
				D854EE502304F27E00CFA3A8 /* SwiftUIDemoUITests */,
			);
		};
/* End PBXProject section */

/* Begin PBXResourcesBuildPhase section */
		D854EE2E2304F27B00CFA3A8 /* Resources */ = {
			isa = PBXResourcesBuildPhase;
			buildActionMask = 2147483647;
			files = (
				D8D8421E2309802000F97FBE /* lakemcdonald.jpg in Resources */,
				D8D8421C2309802000F97FBE /* silversalmoncreek.jpg in Resources */,
				D8D842222309802000F97FBE /* landmarkData.json in Resources */,
				D8D8421B2309802000F97FBE /* turtlerock.jpg in Resources */,
				D854EE402304F27E00CFA3A8 /* LaunchScreen.storyboard in Resources */,
				D8D842212309802000F97FBE /* umbagog.jpg in Resources */,
				D8D842252309802000F97FBE /* stmarylake.jpg in Resources */,
				D8D842232309802000F97FBE /* chincoteague.jpg in Resources */,
				D854EE3D2304F27E00CFA3A8 /* Preview Assets.xcassets in Resources */,
				D8D8421D2309802000F97FBE /* icybay.jpg in Resources */,
				D8D842202309802000F97FBE /* twinlake.jpg in Resources */,
				D8D8421F2309802000F97FBE /* hiddenlake.jpg in Resources */,
				D854EE3A2304F27E00CFA3A8 /* Assets.xcassets in Resources */,
				D8D842272309802000F97FBE /* rainbowlake.jpg in Resources */,
				D8D842262309802000F97FBE /* chilkoottrail.jpg in Resources */,
				D8D842242309802000F97FBE /* yukon_charleyrivers.jpg in Resources */,
			);
			runOnlyForDeploymentPostprocessing = 0;
		};
		D854EE442304F27E00CFA3A8 /* Resources */ = {
			isa = PBXResourcesBuildPhase;
			buildActionMask = 2147483647;
			files = (
			);
			runOnlyForDeploymentPostprocessing = 0;
		};
		D854EE4F2304F27E00CFA3A8 /* Resources */ = {
			isa = PBXResourcesBuildPhase;
			buildActionMask = 2147483647;
			files = (
			);
			runOnlyForDeploymentPostprocessing = 0;
		};
/* End PBXResourcesBuildPhase section */

/* Begin PBXSourcesBuildPhase section */
		D854EE2C2304F27B00CFA3A8 /* Sources */ = {
			isa = PBXSourcesBuildPhase;
			buildActionMask = 2147483647;
			files = (
				D8659816230BB0E2001961EE /* HexagonParameters.swift in Sources */,
				D8659811230A395B001961EE /* UserData.swift in Sources */,
				D8D842082309698E00F97FBE /* BuildingListsAndNavigation.swift in Sources */,
				D805A981230BC971000F4058 /* BadgeBackground.swift in Sources */,
				D845DA452309839700C1508F /* LandmarkList.swift in Sources */,
				D8D842012306AA8A00F97FBE /* MapView.swift in Sources */,
				D8D842032306B37A00F97FBE /* CreatingAndCombingViews.swift in Sources */,
				D805A983230BCAB9000F4058 /* BadgeSymbol.swift in Sources */,
				D8D8420A230969B200F97FBE /* Landmark.swift in Sources */,
				D865980F230A32C9001961EE /* HandingUserInput.swift in Sources */,
				D8659814230BB08F001961EE /* Badge.swift in Sources */,
				D805A985230BCCC9000F4058 /* RotatedBadgeSymbol.swift in Sources */,
				D854EE342304F27B00CFA3A8 /* AppDelegate.swift in Sources */,
				D854EE362304F27B00CFA3A8 /* SceneDelegate.swift in Sources */,
				D854EE382304F27B00CFA3A8 /* ContentView.swift in Sources */,
				D8D8420C23096ED400F97FBE /* Data.swift in Sources */,
				D845DA432309814700C1508F /* LandmarkRow.swift in Sources */,
				D8D841FF2306A96400F97FBE /* CircleImage.swift in Sources */,
			);
			runOnlyForDeploymentPostprocessing = 0;
		};
		D854EE422304F27E00CFA3A8 /* Sources */ = {
			isa = PBXSourcesBuildPhase;
			buildActionMask = 2147483647;
			files = (
				D854EE4B2304F27E00CFA3A8 /* SwiftUIDemoTests.swift in Sources */,
			);
			runOnlyForDeploymentPostprocessing = 0;
		};
		D854EE4D2304F27E00CFA3A8 /* Sources */ = {
			isa = PBXSourcesBuildPhase;
			buildActionMask = 2147483647;
			files = (
				D854EE562304F27E00CFA3A8 /* SwiftUIDemoUITests.swift in Sources */,
			);
			runOnlyForDeploymentPostprocessing = 0;
		};
/* End PBXSourcesBuildPhase section */

/* Begin PBXTargetDependency section */
		D854EE482304F27E00CFA3A8 /* PBXTargetDependency */ = {
			isa = PBXTargetDependency;
			target = D854EE2F2304F27B00CFA3A8 /* SwiftUIDemo */;
			targetProxy = D854EE472304F27E00CFA3A8 /* PBXContainerItemProxy */;
		};
		D854EE532304F27E00CFA3A8 /* PBXTargetDependency */ = {
			isa = PBXTargetDependency;
			target = D854EE2F2304F27B00CFA3A8 /* SwiftUIDemo */;
			targetProxy = D854EE522304F27E00CFA3A8 /* PBXContainerItemProxy */;
		};
/* End PBXTargetDependency section */

/* Begin PBXVariantGroup section */
		D854EE3E2304F27E00CFA3A8 /* LaunchScreen.storyboard */ = {
			isa = PBXVariantGroup;
			children = (
				D854EE3F2304F27E00CFA3A8 /* Base */,
			);
			name = LaunchScreen.storyboard;
			sourceTree = "<group>";
		};
/* End PBXVariantGroup section */

/* Begin XCBuildConfiguration section */
		D854EE582304F27E00CFA3A8 /* Debug */ = {
			isa = XCBuildConfiguration;
			buildSettings = {
				ALWAYS_SEARCH_USER_PATHS = NO;
				CLANG_ANALYZER_NONNULL = YES;
				CLANG_ANALYZER_NUMBER_OBJECT_CONVERSION = YES_AGGRESSIVE;
				CLANG_CXX_LANGUAGE_STANDARD = "gnu++14";
				CLANG_CXX_LIBRARY = "libc++";
				CLANG_ENABLE_MODULES = YES;
				CLANG_ENABLE_OBJC_ARC = YES;
				CLANG_ENABLE_OBJC_WEAK = YES;
				CLANG_WARN_BLOCK_CAPTURE_AUTORELEASING = YES;
				CLANG_WARN_BOOL_CONVERSION = YES;
				CLANG_WARN_COMMA = YES;
				CLANG_WARN_CONSTANT_CONVERSION = YES;
				CLANG_WARN_DEPRECATED_OBJC_IMPLEMENTATIONS = YES;
				CLANG_WARN_DIRECT_OBJC_ISA_USAGE = YES_ERROR;
				CLANG_WARN_DOCUMENTATION_COMMENTS = YES;
				CLANG_WARN_EMPTY_BODY = YES;
				CLANG_WARN_ENUM_CONVERSION = YES;
				CLANG_WARN_INFINITE_RECURSION = YES;
				CLANG_WARN_INT_CONVERSION = YES;
				CLANG_WARN_NON_LITERAL_NULL_CONVERSION = YES;
				CLANG_WARN_OBJC_IMPLICIT_RETAIN_SELF = YES;
				CLANG_WARN_OBJC_LITERAL_CONVERSION = YES;
				CLANG_WARN_OBJC_ROOT_CLASS = YES_ERROR;
				CLANG_WARN_RANGE_LOOP_ANALYSIS = YES;
				CLANG_WARN_STRICT_PROTOTYPES = YES;
				CLANG_WARN_SUSPICIOUS_MOVE = YES;
				CLANG_WARN_UNGUARDED_AVAILABILITY = YES_AGGRESSIVE;
				CLANG_WARN_UNREACHABLE_CODE = YES;
				CLANG_WARN__DUPLICATE_METHOD_MATCH = YES;
				COPY_PHASE_STRIP = NO;
				DEBUG_INFORMATION_FORMAT = dwarf;
				ENABLE_STRICT_OBJC_MSGSEND = YES;
				ENABLE_TESTABILITY = YES;
				GCC_C_LANGUAGE_STANDARD = gnu11;
				GCC_DYNAMIC_NO_PIC = NO;
				GCC_NO_COMMON_BLOCKS = YES;
				GCC_OPTIMIZATION_LEVEL = 0;
				GCC_PREPROCESSOR_DEFINITIONS = (
					"DEBUG=1",
					"$(inherited)",
				);
				GCC_WARN_64_TO_32_BIT_CONVERSION = YES;
				GCC_WARN_ABOUT_RETURN_TYPE = YES_ERROR;
				GCC_WARN_UNDECLARED_SELECTOR = YES;
				GCC_WARN_UNINITIALIZED_AUTOS = YES_AGGRESSIVE;
				GCC_WARN_UNUSED_FUNCTION = YES;
				GCC_WARN_UNUSED_VARIABLE = YES;
				IPHONEOS_DEPLOYMENT_TARGET = 13.0;
				MTL_ENABLE_DEBUG_INFO = INCLUDE_SOURCE;
				MTL_FAST_MATH = YES;
				ONLY_ACTIVE_ARCH = YES;
				SDKROOT = iphoneos;
				SWIFT_ACTIVE_COMPILATION_CONDITIONS = DEBUG;
				SWIFT_OPTIMIZATION_LEVEL = "-Onone";
			};
			name = Debug;
		};
		D854EE592304F27E00CFA3A8 /* Release */ = {
			isa = XCBuildConfiguration;
			buildSettings = {
				ALWAYS_SEARCH_USER_PATHS = NO;
				CLANG_ANALYZER_NONNULL = YES;
				CLANG_ANALYZER_NUMBER_OBJECT_CONVERSION = YES_AGGRESSIVE;
				CLANG_CXX_LANGUAGE_STANDARD = "gnu++14";
				CLANG_CXX_LIBRARY = "libc++";
				CLANG_ENABLE_MODULES = YES;
				CLANG_ENABLE_OBJC_ARC = YES;
				CLANG_ENABLE_OBJC_WEAK = YES;
				CLANG_WARN_BLOCK_CAPTURE_AUTORELEASING = YES;
				CLANG_WARN_BOOL_CONVERSION = YES;
				CLANG_WARN_COMMA = YES;
				CLANG_WARN_CONSTANT_CONVERSION = YES;
				CLANG_WARN_DEPRECATED_OBJC_IMPLEMENTATIONS = YES;
				CLANG_WARN_DIRECT_OBJC_ISA_USAGE = YES_ERROR;
				CLANG_WARN_DOCUMENTATION_COMMENTS = YES;
				CLANG_WARN_EMPTY_BODY = YES;
				CLANG_WARN_ENUM_CONVERSION = YES;
				CLANG_WARN_INFINITE_RECURSION = YES;
				CLANG_WARN_INT_CONVERSION = YES;
				CLANG_WARN_NON_LITERAL_NULL_CONVERSION = YES;
				CLANG_WARN_OBJC_IMPLICIT_RETAIN_SELF = YES;
				CLANG_WARN_OBJC_LITERAL_CONVERSION = YES;
				CLANG_WARN_OBJC_ROOT_CLASS = YES_ERROR;
				CLANG_WARN_RANGE_LOOP_ANALYSIS = YES;
				CLANG_WARN_STRICT_PROTOTYPES = YES;
				CLANG_WARN_SUSPICIOUS_MOVE = YES;
				CLANG_WARN_UNGUARDED_AVAILABILITY = YES_AGGRESSIVE;
				CLANG_WARN_UNREACHABLE_CODE = YES;
				CLANG_WARN__DUPLICATE_METHOD_MATCH = YES;
				COPY_PHASE_STRIP = NO;
				DEBUG_INFORMATION_FORMAT = "dwarf-with-dsym";
				ENABLE_NS_ASSERTIONS = NO;
				ENABLE_STRICT_OBJC_MSGSEND = YES;
				GCC_C_LANGUAGE_STANDARD = gnu11;
				GCC_NO_COMMON_BLOCKS = YES;
				GCC_WARN_64_TO_32_BIT_CONVERSION = YES;
				GCC_WARN_ABOUT_RETURN_TYPE = YES_ERROR;
				GCC_WARN_UNDECLARED_SELECTOR = YES;
				GCC_WARN_UNINITIALIZED_AUTOS = YES_AGGRESSIVE;
				GCC_WARN_UNUSED_FUNCTION = YES;
				GCC_WARN_UNUSED_VARIABLE = YES;
				IPHONEOS_DEPLOYMENT_TARGET = 13.0;
				MTL_ENABLE_DEBUG_INFO = NO;
				MTL_FAST_MATH = YES;
				SDKROOT = iphoneos;
				SWIFT_COMPILATION_MODE = wholemodule;
				SWIFT_OPTIMIZATION_LEVEL = "-O";
				VALIDATE_PRODUCT = YES;
			};
			name = Release;
		};
		D854EE5B2304F27E00CFA3A8 /* Debug */ = {
			isa = XCBuildConfiguration;
			buildSettings = {
				ASSETCATALOG_COMPILER_APPICON_NAME = AppIcon;
				CODE_SIGN_STYLE = Automatic;
				DEVELOPMENT_ASSET_PATHS = "SwiftUIDemo/Preview\\ Content";
				DEVELOPMENT_TEAM = Z4RWL5QZ5M;
				ENABLE_PREVIEWS = YES;
				INFOPLIST_FILE = "SwiftUIDemo/Supporting Files/Info.plist";
				LD_RUNPATH_SEARCH_PATHS = (
					"$(inherited)",
					"@executable_path/Frameworks",
				);
				PRODUCT_BUNDLE_IDENTIFIER = XuHongfei.SwiftUIDemo;
				PRODUCT_NAME = "$(TARGET_NAME)";
				SWIFT_VERSION = 5.0;
				TARGETED_DEVICE_FAMILY = "1,2";
			};
			name = Debug;
		};
		D854EE5C2304F27E00CFA3A8 /* Release */ = {
			isa = XCBuildConfiguration;
			buildSettings = {
				ASSETCATALOG_COMPILER_APPICON_NAME = AppIcon;
				CODE_SIGN_STYLE = Automatic;
				DEVELOPMENT_ASSET_PATHS = "SwiftUIDemo/Preview\\ Content";
				DEVELOPMENT_TEAM = Z4RWL5QZ5M;
				ENABLE_PREVIEWS = YES;
				INFOPLIST_FILE = "SwiftUIDemo/Supporting Files/Info.plist";
				LD_RUNPATH_SEARCH_PATHS = (
					"$(inherited)",
					"@executable_path/Frameworks",
				);
				PRODUCT_BUNDLE_IDENTIFIER = XuHongfei.SwiftUIDemo;
				PRODUCT_NAME = "$(TARGET_NAME)";
				SWIFT_VERSION = 5.0;
				TARGETED_DEVICE_FAMILY = "1,2";
			};
			name = Release;
		};
		D854EE5E2304F27E00CFA3A8 /* Debug */ = {
			isa = XCBuildConfiguration;
			buildSettings = {
				ALWAYS_EMBED_SWIFT_STANDARD_LIBRARIES = YES;
				BUNDLE_LOADER = "$(TEST_HOST)";
				CODE_SIGN_STYLE = Automatic;
				DEVELOPMENT_TEAM = Z4RWL5QZ5M;
				INFOPLIST_FILE = SwiftUIDemoTests/Info.plist;
				LD_RUNPATH_SEARCH_PATHS = (
					"$(inherited)",
					"@executable_path/Frameworks",
					"@loader_path/Frameworks",
				);
				PRODUCT_BUNDLE_IDENTIFIER = XuHongfei.SwiftUIDemoTests;
				PRODUCT_NAME = "$(TARGET_NAME)";
				SWIFT_VERSION = 5.0;
				TARGETED_DEVICE_FAMILY = "1,2";
				TEST_HOST = "$(BUILT_PRODUCTS_DIR)/SwiftUIDemo.app/SwiftUIDemo";
			};
			name = Debug;
		};
		D854EE5F2304F27E00CFA3A8 /* Release */ = {
			isa = XCBuildConfiguration;
			buildSettings = {
				ALWAYS_EMBED_SWIFT_STANDARD_LIBRARIES = YES;
				BUNDLE_LOADER = "$(TEST_HOST)";
				CODE_SIGN_STYLE = Automatic;
				DEVELOPMENT_TEAM = Z4RWL5QZ5M;
				INFOPLIST_FILE = SwiftUIDemoTests/Info.plist;
				LD_RUNPATH_SEARCH_PATHS = (
					"$(inherited)",
					"@executable_path/Frameworks",
					"@loader_path/Frameworks",
				);
				PRODUCT_BUNDLE_IDENTIFIER = XuHongfei.SwiftUIDemoTests;
				PRODUCT_NAME = "$(TARGET_NAME)";
				SWIFT_VERSION = 5.0;
				TARGETED_DEVICE_FAMILY = "1,2";
				TEST_HOST = "$(BUILT_PRODUCTS_DIR)/SwiftUIDemo.app/SwiftUIDemo";
			};
			name = Release;
		};
		D854EE612304F27E00CFA3A8 /* Debug */ = {
			isa = XCBuildConfiguration;
			buildSettings = {
				ALWAYS_EMBED_SWIFT_STANDARD_LIBRARIES = YES;
				CODE_SIGN_STYLE = Automatic;
				DEVELOPMENT_TEAM = Z4RWL5QZ5M;
				INFOPLIST_FILE = SwiftUIDemoUITests/Info.plist;
				LD_RUNPATH_SEARCH_PATHS = (
					"$(inherited)",
					"@executable_path/Frameworks",
					"@loader_path/Frameworks",
				);
				PRODUCT_BUNDLE_IDENTIFIER = XuHongfei.SwiftUIDemoUITests;
				PRODUCT_NAME = "$(TARGET_NAME)";
				SWIFT_VERSION = 5.0;
				TARGETED_DEVICE_FAMILY = "1,2";
				TEST_TARGET_NAME = SwiftUIDemo;
			};
			name = Debug;
		};
		D854EE622304F27E00CFA3A8 /* Release */ = {
			isa = XCBuildConfiguration;
			buildSettings = {
				ALWAYS_EMBED_SWIFT_STANDARD_LIBRARIES = YES;
				CODE_SIGN_STYLE = Automatic;
				DEVELOPMENT_TEAM = Z4RWL5QZ5M;
				INFOPLIST_FILE = SwiftUIDemoUITests/Info.plist;
				LD_RUNPATH_SEARCH_PATHS = (
					"$(inherited)",
					"@executable_path/Frameworks",
					"@loader_path/Frameworks",
				);
				PRODUCT_BUNDLE_IDENTIFIER = XuHongfei.SwiftUIDemoUITests;
				PRODUCT_NAME = "$(TARGET_NAME)";
				SWIFT_VERSION = 5.0;
				TARGETED_DEVICE_FAMILY = "1,2";
				TEST_TARGET_NAME = SwiftUIDemo;
			};
			name = Release;
		};
/* End XCBuildConfiguration section */

/* Begin XCConfigurationList section */
		D854EE2B2304F27B00CFA3A8 /* Build configuration list for PBXProject "SwiftUIDemo" */ = {
			isa = XCConfigurationList;
			buildConfigurations = (
				D854EE582304F27E00CFA3A8 /* Debug */,
				D854EE592304F27E00CFA3A8 /* Release */,
			);
			defaultConfigurationIsVisible = 0;
			defaultConfigurationName = Release;
		};
		D854EE5A2304F27E00CFA3A8 /* Build configuration list for PBXNativeTarget "SwiftUIDemo" */ = {
			isa = XCConfigurationList;
			buildConfigurations = (
				D854EE5B2304F27E00CFA3A8 /* Debug */,
				D854EE5C2304F27E00CFA3A8 /* Release */,
			);
			defaultConfigurationIsVisible = 0;
			defaultConfigurationName = Release;
		};
		D854EE5D2304F27E00CFA3A8 /* Build configuration list for PBXNativeTarget "SwiftUIDemoTests" */ = {
			isa = XCConfigurationList;
			buildConfigurations = (
				D854EE5E2304F27E00CFA3A8 /* Debug */,
				D854EE5F2304F27E00CFA3A8 /* Release */,
			);
			defaultConfigurationIsVisible = 0;
			defaultConfigurationName = Release;
		};
		D854EE602304F27E00CFA3A8 /* Build configuration list for PBXNativeTarget "SwiftUIDemoUITests" */ = {
			isa = XCConfigurationList;
			buildConfigurations = (
				D854EE612304F27E00CFA3A8 /* Debug */,
				D854EE622304F27E00CFA3A8 /* Release */,
			);
			defaultConfigurationIsVisible = 0;
			defaultConfigurationName = Release;
		};
/* End XCConfigurationList section */
	};
	rootObject = D854EE282304F27B00CFA3A8 /* Project object */;
}
