// !$*UTF8*$!
{
	archiveVersion = 1;
	classes = {
	};
	objectVersion = 50;
	objects = {

/* Begin PBXBuildFile section */
		D854EE342304F27B00CFA3A8 /* AppDelegate.swift in Sources */ = {isa = PBXBuildFile; fileRef = D854EE332304F27B00CFA3A8 /* AppDelegate.swift */; };
		D854EE362304F27B00CFA3A8 /* SceneDelegate.swift in Sources */ = {isa = PBXBuildFile; fileRef = D854EE352304F27B00CFA3A8 /* SceneDelegate.swift */; };
		D854EE382304F27B00CFA3A8 /* ContentView.swift in Sources */ = {isa = PBXBuildFile; fileRef = D854EE372304F27B00CFA3A8 /* ContentView.swift */; };
		D854EE3A2304F27E00CFA3A8 /* Assets.xcassets in Resources */ = {isa = PBXBuildFile; fileRef = D854EE392304F27E00CFA3A8 /* Assets.xcassets */; };
		D854EE3D2304F27E00CFA3A8 /* Preview Assets.xcassets in Resources */ = {isa = PBXBuildFile; fileRef = D854EE3C2304F27E00CFA3A8 /* Preview Assets.xcassets */; };
		D854EE402304F27E00CFA3A8 /* LaunchScreen.storyboard in Resources */ = {isa = PBXBuildFile; fileRef = D854EE3E2304F27E00CFA3A8 /* LaunchScreen.storyboard */; };
		D854EE4B2304F27E00CFA3A8 /* SwiftUIDemoTests.swift in Sources */ = {isa = PBXBuildFile; fileRef = D854EE4A2304F27E00CFA3A8 /* SwiftUIDemoTests.swift */; };
		D854EE562304F27E00CFA3A8 /* SwiftUIDemoUITests.swift in Sources */ = {isa = PBXBuildFile; fileRef = D854EE552304F27E00CFA3A8 /* SwiftUIDemoUITests.swift */; };
/* End PBXBuildFile section */

/* Begin PBXContainerItemProxy section */
		D854EE472304F27E00CFA3A8 /* PBXContainerItemProxy */ = {
			isa = PBXContainerItemProxy;
			containerPortal = D854EE282304F27B00CFA3A8 /* Project object */;
			proxyType = 1;
			remoteGlobalIDString = D854EE2F2304F27B00CFA3A8;
			remoteInfo = SwiftUIDemo;
		};
		D854EE522304F27E00CFA3A8 /* PBXContainerItemProxy */ = {
			isa = PBXContainerItemProxy;
			containerPortal = D854EE282304F27B00CFA3A8 /* Project object */;
			proxyType = 1;
			remoteGlobalIDString = D854EE2F2304F27B00CFA3A8;
			remoteInfo = SwiftUIDemo;
		};
/* End PBXContainerItemProxy section */

/* Begin PBXFileReference section */
		D854EE302304F27B00CFA3A8 /* SwiftUIDemo.app */ = {isa = PBXFileReference; explicitFileType = wrapper.application; includeInIndex = 0; path = SwiftUIDemo.app; sourceTree = BUILT_PRODUCTS_DIR; };
		D854EE332304F27B00CFA3A8 /* AppDelegate.swift */ = {isa = PBXFileReference; lastKnownFileType = sourcecode.swift; path = AppDelegate.swift; sourceTree = "<group>"; };
		D854EE352304F27B00CFA3A8 /* SceneDelegate.swift */ = {isa = PBXFileReference; lastKnownFileType = sourcecode.swift; path = SceneDelegate.swift; sourceTree = "<group>"; };
		D854EE372304F27B00CFA3A8 /* ContentView.swift */ = {isa = PBXFileReference; lastKnownFileType = sourcecode.swift; path = ContentView.swift; sourceTree = "<group>"; };
		D854EE392304F27E00CFA3A8 /* Assets.xcassets */ = {isa = PBXFileReference; lastKnownFileType = folder.assetcatalog; path = Assets.xcassets; sourceTree = "<group>"; };
		D854EE3C2304F27E00CFA3A8 /* Preview Assets.xcassets */ = {isa = PBXFileReference; lastKnownFileType = folder.assetcatalog; path = "Preview Assets.xcassets"; sourceTree = "<group>"; };
		D854EE3F2304F27E00CFA3A8 /* Base */ = {isa = PBXFileReference; lastKnownFileType = file.storyboard; name = Base; path = Base.lproj/LaunchScreen.storyboard; sourceTree = "<group>"; };
		D854EE412304F27E00CFA3A8 /* Info.plist */ = {isa = PBXFileReference; lastKnownFileType = text.plist.xml; path = Info.plist; sourceTree = "<group>"; };
		D854EE462304F27E00CFA3A8 /* SwiftUIDemoTests.xctest */ = {isa = PBXFileReference; explicitFileType = wrapper.cfbundle; includeInIndex = 0; path = SwiftUIDemoTests.xctest; sourceTree = BUILT_PRODUCTS_DIR; };
		D854EE4A2304F27E00CFA3A8 /* SwiftUIDemoTests.swift */ = {isa = PBXFileReference; lastKnownFileType = sourcecode.swift; path = SwiftUIDemoTests.swift; sourceTree = "<group>"; };
		D854EE4C2304F27E00CFA3A8 /* Info.plist */ = {isa = PBXFileReference; lastKnownFileType = text.plist.xml; path = Info.plist; sourceTree = "<group>"; };
		D854EE512304F27E00CFA3A8 /* SwiftUIDemoUITests.xctest */ = {isa = PBXFileReference; explicitFileType = wrapper.cfbundle; includeInIndex = 0; path = SwiftUIDemoUITests.xctest; sourceTree = BUILT_PRODUCTS_DIR; };
		D854EE552304F27E00CFA3A8 /* SwiftUIDemoUITests.swift */ = {isa = PBXFileReference; lastKnownFileType = sourcecode.swift; path = SwiftUIDemoUITests.swift; sourceTree = "<group>"; };
		D854EE572304F27E00CFA3A8 /* Info.plist */ = {isa = PBXFileReference; lastKnownFileType = text.plist.xml; path = Info.plist; sourceTree = "<group>"; };
/* End PBXFileReference section */

/* Begin PBXFrameworksBuildPhase section */
		D854EE2D2304F27B00CFA3A8 /* Frameworks */ = {
			isa = PBXFrameworksBuildPhase;
			buildActionMask = 2147483647;
			files = (
			);
			runOnlyForDeploymentPostprocessing = 0;
		};
		D854EE432304F27E00CFA3A8 /* Frameworks */ = {
			isa = PBXFrameworksBuildPhase;
			buildActionMask = 2147483647;
			files = (
			);
			runOnlyForDeploymentPostprocessing = 0;
		};
		D854EE4E2304F27E00CFA3A8 /* Frameworks */ = {
			isa = PBXFrameworksBuildPhase;
			buildActionMask = 2147483647;
			files = (
			);
			runOnlyForDeploymentPostprocessing = 0;
		};
/* End PBXFrameworksBuildPhase section */

/* Begin PBXGroup section */
		D854EE272304F27B00CFA3A8 = {
			isa = PBXGroup;
			children = (
				D854EE322304F27B00CFA3A8 /* SwiftUIDemo */,
				D854EE492304F27E00CFA3A8 /* SwiftUIDemoTests */,
				D854EE542304F27E00CFA3A8 /* SwiftUIDemoUITests */,
				D854EE312304F27B00CFA3A8 /* Products */,
			);
			sourceTree = "<group>";
		};
		D854EE312304F27B00CFA3A8 /* Products */ = {
			isa = PBXGroup;
			children = (
				D854EE302304F27B00CFA3A8 /* SwiftUIDemo.app */,
				D854EE462304F27E00CFA3A8 /* SwiftUIDemoTests.xctest */,
				D854EE512304F27E00CFA3A8 /* SwiftUIDemoUITests.xctest */,
			);
			name = Products;
			sourceTree = "<group>";
		};
		D854EE322304F27B00CFA3A8 /* SwiftUIDemo */ = {
			isa = PBXGroup;
			children = (
				D854EE332304F27B00CFA3A8 /* AppDelegate.swift */,
				D854EE352304F27B00CFA3A8 /* SceneDelegate.swift */,
				D854EE372304F27B00CFA3A8 /* ContentView.swift */,
				D854EE392304F27E00CFA3A8 /* Assets.xcassets */,
				D854EE3E2304F27E00CFA3A8 /* LaunchScreen.storyboard */,
				D854EE412304F27E00CFA3A8 /* Info.plist */,
				D854EE3B2304F27E00CFA3A8 /* Preview Content */,
			);
			path = SwiftUIDemo;
			sourceTree = "<group>";
		};
		D854EE3B2304F27E00CFA3A8 /* Preview Content */ = {
			isa = PBXGroup;
			children = (
				D854EE3C2304F27E00CFA3A8 /* Preview Assets.xcassets */,
			);
			path = "Preview Content";
			sourceTree = "<group>";
		};
		D854EE492304F27E00CFA3A8 /* SwiftUIDemoTests */ = {
			isa = PBXGroup;
			children = (
				D854EE4A2304F27E00CFA3A8 /* SwiftUIDemoTests.swift */,
				D854EE4C2304F27E00CFA3A8 /* Info.plist */,
			);
			path = SwiftUIDemoTests;
			sourceTree = "<group>";
		};
		D854EE542304F27E00CFA3A8 /* SwiftUIDemoUITests */ = {
			isa = PBXGroup;
			children = (
				D854EE552304F27E00CFA3A8 /* SwiftUIDemoUITests.swift */,
				D854EE572304F27E00CFA3A8 /* Info.plist */,
			);
			path = SwiftUIDemoUITests;
			sourceTree = "<group>";
		};
/* End PBXGroup section */

/* Begin PBXNativeTarget section */
		D854EE2F2304F27B00CFA3A8 /* SwiftUIDemo */ = {
			isa = PBXNativeTarget;
			buildConfigurationList = D854EE5A2304F27E00CFA3A8 /* Build configuration list for PBXNativeTarget "SwiftUIDemo" */;
			buildPhases = (
				D854EE2C2304F27B00CFA3A8 /* Sources */,
				D854EE2D2304F27B00CFA3A8 /* Frameworks */,
				D854EE2E2304F27B00CFA3A8 /* Resources */,
			);
			buildRules = (
			);
			dependencies = (
			);
			name = SwiftUIDemo;
			productName = SwiftUIDemo;
			productReference = D854EE302304F27B00CFA3A8 /* SwiftUIDemo.app */;
			productType = "com.apple.product-type.application";
		};
		D854EE452304F27E00CFA3A8 /* SwiftUIDemoTests */ = {
			isa = PBXNativeTarget;
			buildConfigurationList = D854EE5D2304F27E00CFA3A8 /* Build configuration list for PBXNativeTarget "SwiftUIDemoTests" */;
			buildPhases = (
				D854EE422304F27E00CFA3A8 /* Sources */,
				D854EE432304F27E00CFA3A8 /* Frameworks */,
				D854EE442304F27E00CFA3A8 /* Resources */,
			);
			buildRules = (
			);
			dependencies = (
				D854EE482304F27E00CFA3A8 /* PBXTargetDependency */,
			);
			name = SwiftUIDemoTests;
			productName = SwiftUIDemoTests;
			productReference = D854EE462304F27E00CFA3A8 /* SwiftUIDemoTests.xctest */;
			productType = "com.apple.product-type.bundle.unit-test";
		};
		D854EE502304F27E00CFA3A8 /* SwiftUIDemoUITests */ = {
			isa = PBXNativeTarget;
			buildConfigurationList = D854EE602304F27E00CFA3A8 /* Build configuration list for PBXNativeTarget "SwiftUIDemoUITests" */;
			buildPhases = (
				D854EE4D2304F27E00CFA3A8 /* Sources */,
				D854EE4E2304F27E00CFA3A8 /* Frameworks */,
				D854EE4F2304F27E00CFA3A8 /* Resources */,
			);
			buildRules = (
			);
			dependencies = (
				D854EE532304F27E00CFA3A8 /* PBXTargetDependency */,
			);
			name = SwiftUIDemoUITests;
			productName = SwiftUIDemoUITests;
			productReference = D854EE512304F27E00CFA3A8 /* SwiftUIDemoUITests.xctest */;
			productType = "com.apple.product-type.bundle.ui-testing";
		};
/* End PBXNativeTarget section */

/* Begin PBXProject section */
		D854EE282304F27B00CFA3A8 /* Project object */ = {
			isa = PBXProject;
			attributes = {
				LastSwiftUpdateCheck = 1100;
				LastUpgradeCheck = 1100;
				ORGANIZATIONNAME = XuHongfei;
				TargetAttributes = {
					D854EE2F2304F27B00CFA3A8 = {
						CreatedOnToolsVersion = 11.0;
					};
					D854EE452304F27E00CFA3A8 = {
						CreatedOnToolsVersion = 11.0;
						TestTargetID = D854EE2F2304F27B00CFA3A8;
					};
					D854EE502304F27E00CFA3A8 = {
						CreatedOnToolsVersion = 11.0;
						TestTargetID = D854EE2F2304F27B00CFA3A8;
					};
				};
			};
			buildConfigurationList = D854EE2B2304F27B00CFA3A8 /* Build configuration list for PBXProject "SwiftUIDemo" */;
			compatibilityVersion = "Xcode 9.3";
			developmentRegion = en;
			hasScannedForEncodings = 0;
			knownRegions = (
				en,
				Base,
			);
			mainGroup = D854EE272304F27B00CFA3A8;
			productRefGroup = D854EE312304F27B00CFA3A8 /* Products */;
			projectDirPath = "";
			projectRoot = "";
			targets = (
				D854EE2F2304F27B00CFA3A8 /* SwiftUIDemo */,
				D854EE452304F27E00CFA3A8 /* SwiftUIDemoTests */,
				D854EE502304F27E00CFA3A8 /* SwiftUIDemoUITests */,
			);
		};
/* End PBXProject section */

/* Begin PBXResourcesBuildPhase section */
		D854EE2E2304F27B00CFA3A8 /* Resources */ = {
			isa = PBXResourcesBuildPhase;
			buildActionMask = 2147483647;
			files = (
				D854EE402304F27E00CFA3A8 /* LaunchScreen.storyboard in Resources */,
				D854EE3D2304F27E00CFA3A8 /* Preview Assets.xcassets in Resources */,
				D854EE3A2304F27E00CFA3A8 /* Assets.xcassets in Resources */,
			);
			runOnlyForDeploymentPostprocessing = 0;
		};
		D854EE442304F27E00CFA3A8 /* Resources */ = {
			isa = PBXResourcesBuildPhase;
			buildActionMask = 2147483647;
			files = (
			);
			runOnlyForDeploymentPostprocessing = 0;
		};
		D854EE4F2304F27E00CFA3A8 /* Resources */ = {
			isa = PBXResourcesBuildPhase;
			buildActionMask = 2147483647;
			files = (
			);
			runOnlyForDeploymentPostprocessing = 0;
		};
/* End PBXResourcesBuildPhase section */

/* Begin PBXSourcesBuildPhase section */
		D854EE2C2304F27B00CFA3A8 /* Sources */ = {
			isa = PBXSourcesBuildPhase;
			buildActionMask = 2147483647;
			files = (
				D854EE342304F27B00CFA3A8 /* AppDelegate.swift in Sources */,
				D854EE362304F27B00CFA3A8 /* SceneDelegate.swift in Sources */,
				D854EE382304F27B00CFA3A8 /* ContentView.swift in Sources */,
			);
			runOnlyForDeploymentPostprocessing = 0;
		};
		D854EE422304F27E00CFA3A8 /* Sources */ = {
			isa = PBXSourcesBuildPhase;
			buildActionMask = 2147483647;
			files = (
				D854EE4B2304F27E00CFA3A8 /* SwiftUIDemoTests.swift in Sources */,
			);
			runOnlyForDeploymentPostprocessing = 0;
		};
		D854EE4D2304F27E00CFA3A8 /* Sources */ = {
			isa = PBXSourcesBuildPhase;
			buildActionMask = 2147483647;
			files = (
				D854EE562304F27E00CFA3A8 /* SwiftUIDemoUITests.swift in Sources */,
			);
			runOnlyForDeploymentPostprocessing = 0;
		};
/* End PBXSourcesBuildPhase section */

/* Begin PBXTargetDependency section */
		D854EE482304F27E00CFA3A8 /* PBXTargetDependency */ = {
			isa = PBXTargetDependency;
			target = D854EE2F2304F27B00CFA3A8 /* SwiftUIDemo */;
			targetProxy = D854EE472304F27E00CFA3A8 /* PBXContainerItemProxy */;
		};
		D854EE532304F27E00CFA3A8 /* PBXTargetDependency */ = {
			isa = PBXTargetDependency;
			target = D854EE2F2304F27B00CFA3A8 /* SwiftUIDemo */;
			targetProxy = D854EE522304F27E00CFA3A8 /* PBXContainerItemProxy */;
		};
/* End PBXTargetDependency section */

/* Begin PBXVariantGroup section */
		D854EE3E2304F27E00CFA3A8 /* LaunchScreen.storyboard */ = {
			isa = PBXVariantGroup;
			children = (
				D854EE3F2304F27E00CFA3A8 /* Base */,
			);
			name = LaunchScreen.storyboard;
			sourceTree = "<group>";
		};
/* End PBXVariantGroup section */

/* Begin XCBuildConfiguration section */
		D854EE582304F27E00CFA3A8 /* Debug */ = {
			isa = XCBuildConfiguration;
			buildSettings = {
				ALWAYS_SEARCH_USER_PATHS = NO;
				CLANG_ANALYZER_NONNULL = YES;
				CLANG_ANALYZER_NUMBER_OBJECT_CONVERSION = YES_AGGRESSIVE;
				CLANG_CXX_LANGUAGE_STANDARD = "gnu++14";
				CLANG_CXX_LIBRARY = "libc++";
				CLANG_ENABLE_MODULES = YES;
				CLANG_ENABLE_OBJC_ARC = YES;
				CLANG_ENABLE_OBJC_WEAK = YES;
				CLANG_WARN_BLOCK_CAPTURE_AUTORELEASING = YES;
				CLANG_WARN_BOOL_CONVERSION = YES;
				CLANG_WARN_COMMA = YES;
				CLANG_WARN_CONSTANT_CONVERSION = YES;
				CLANG_WARN_DEPRECATED_OBJC_IMPLEMENTATIONS = YES;
				CLANG_WARN_DIRECT_OBJC_ISA_USAGE = YES_ERROR;
				CLANG_WARN_DOCUMENTATION_COMMENTS = YES;
				CLANG_WARN_EMPTY_BODY = YES;
				CLANG_WARN_ENUM_CONVERSION = YES;
				CLANG_WARN_INFINITE_RECURSION = YES;
				CLANG_WARN_INT_CONVERSION = YES;
				CLANG_WARN_NON_LITERAL_NULL_CONVERSION = YES;
				CLANG_WARN_OBJC_IMPLICIT_RETAIN_SELF = YES;
				CLANG_WARN_OBJC_LITERAL_CONVERSION = YES;
				CLANG_WARN_OBJC_ROOT_CLASS = YES_ERROR;
				CLANG_WARN_RANGE_LOOP_ANALYSIS = YES;
				CLANG_WARN_STRICT_PROTOTYPES = YES;
				CLANG_WARN_SUSPICIOUS_MOVE = YES;
				CLANG_WARN_UNGUARDED_AVAILABILITY = YES_AGGRESSIVE;
				CLANG_WARN_UNREACHABLE_CODE = YES;
				CLANG_WARN__DUPLICATE_METHOD_MATCH = YES;
				COPY_PHASE_STRIP = NO;
				DEBUG_INFORMATION_FORMAT = dwarf;
				ENABLE_STRICT_OBJC_MSGSEND = YES;
				ENABLE_TESTABILITY = YES;
				GCC_C_LANGUAGE_STANDARD = gnu11;
				GCC_DYNAMIC_NO_PIC = NO;
				GCC_NO_COMMON_BLOCKS = YES;
				GCC_OPTIMIZATION_LEVEL = 0;
				GCC_PREPROCESSOR_DEFINITIONS = (
					"DEBUG=1",
					"$(inherited)",
				);
				GCC_WARN_64_TO_32_BIT_CONVERSION = YES;
				GCC_WARN_ABOUT_RETURN_TYPE = YES_ERROR;
				GCC_WARN_UNDECLARED_SELECTOR = YES;
				GCC_WARN_UNINITIALIZED_AUTOS = YES_AGGRESSIVE;
				GCC_WARN_UNUSED_FUNCTION = YES;
				GCC_WARN_UNUSED_VARIABLE = YES;
				IPHONEOS_DEPLOYMENT_TARGET = 13.0;
				MTL_ENABLE_DEBUG_INFO = INCLUDE_SOURCE;
				MTL_FAST_MATH = YES;
				ONLY_ACTIVE_ARCH = YES;
				SDKROOT = iphoneos;
				SWIFT_ACTIVE_COMPILATION_CONDITIONS = DEBUG;
				SWIFT_OPTIMIZATION_LEVEL = "-Onone";
			};
			name = Debug;
		};
		D854EE592304F27E00CFA3A8 /* Release */ = {
			isa = XCBuildConfiguration;
			buildSettings = {
				ALWAYS_SEARCH_USER_PATHS = NO;
				CLANG_ANALYZER_NONNULL = YES;
				CLANG_ANALYZER_NUMBER_OBJECT_CONVERSION = YES_AGGRESSIVE;
				CLANG_CXX_LANGUAGE_STANDARD = "gnu++14";
				CLANG_CXX_LIBRARY = "libc++";
				CLANG_ENABLE_MODULES = YES;
				CLANG_ENABLE_OBJC_ARC = YES;
				CLANG_ENABLE_OBJC_WEAK = YES;
				CLANG_WARN_BLOCK_CAPTURE_AUTORELEASING = YES;
				CLANG_WARN_BOOL_CONVERSION = YES;
				CLANG_WARN_COMMA = YES;
				CLANG_WARN_CONSTANT_CONVERSION = YES;
				CLANG_WARN_DEPRECATED_OBJC_IMPLEMENTATIONS = YES;
				CLANG_WARN_DIRECT_OBJC_ISA_USAGE = YES_ERROR;
				CLANG_WARN_DOCUMENTATION_COMMENTS = YES;
				CLANG_WARN_EMPTY_BODY = YES;
				CLANG_WARN_ENUM_CONVERSION = YES;
				CLANG_WARN_INFINITE_RECURSION = YES;
				CLANG_WARN_INT_CONVERSION = YES;
				CLANG_WARN_NON_LITERAL_NULL_CONVERSION = YES;
				CLANG_WARN_OBJC_IMPLICIT_RETAIN_SELF = YES;
				CLANG_WARN_OBJC_LITERAL_CONVERSION = YES;
				CLANG_WARN_OBJC_ROOT_CLASS = YES_ERROR;
				CLANG_WARN_RANGE_LOOP_ANALYSIS = YES;
				CLANG_WARN_STRICT_PROTOTYPES = YES;
				CLANG_WARN_SUSPICIOUS_MOVE = YES;
				CLANG_WARN_UNGUARDED_AVAILABILITY = YES_AGGRESSIVE;
				CLANG_WARN_UNREACHABLE_CODE = YES;
				CLANG_WARN__DUPLICATE_METHOD_MATCH = YES;
				COPY_PHASE_STRIP = NO;
				DEBUG_INFORMATION_FORMAT = "dwarf-with-dsym";
				ENABLE_NS_ASSERTIONS = NO;
				ENABLE_STRICT_OBJC_MSGSEND = YES;
				GCC_C_LANGUAGE_STANDARD = gnu11;
				GCC_NO_COMMON_BLOCKS = YES;
				GCC_WARN_64_TO_32_BIT_CONVERSION = YES;
				GCC_WARN_ABOUT_RETURN_TYPE = YES_ERROR;
				GCC_WARN_UNDECLARED_SELECTOR = YES;
				GCC_WARN_UNINITIALIZED_AUTOS = YES_AGGRESSIVE;
				GCC_WARN_UNUSED_FUNCTION = YES;
				GCC_WARN_UNUSED_VARIABLE = YES;
				IPHONEOS_DEPLOYMENT_TARGET = 13.0;
				MTL_ENABLE_DEBUG_INFO = NO;
				MTL_FAST_MATH = YES;
				SDKROOT = iphoneos;
				SWIFT_COMPILATION_MODE = wholemodule;
				SWIFT_OPTIMIZATION_LEVEL = "-O";
				VALIDATE_PRODUCT = YES;
			};
			name = Release;
		};
		D854EE5B2304F27E00CFA3A8 /* Debug */ = {
			isa = XCBuildConfiguration;
			buildSettings = {
				ASSETCATALOG_COMPILER_APPICON_NAME = AppIcon;
				CODE_SIGN_STYLE = Automatic;
				DEVELOPMENT_ASSET_PATHS = "SwiftUIDemo/Preview\\ Content";
				DEVELOPMENT_TEAM = Z4RWL5QZ5M;
				ENABLE_PREVIEWS = YES;
				INFOPLIST_FILE = SwiftUIDemo/Info.plist;
				LD_RUNPATH_SEARCH_PATHS = (
					"$(inherited)",
					"@executable_path/Frameworks",
				);
				PRODUCT_BUNDLE_IDENTIFIER = XuHongfei.SwiftUIDemo;
				PRODUCT_NAME = "$(TARGET_NAME)";
				SWIFT_VERSION = 5.0;
				TARGETED_DEVICE_FAMILY = "1,2";
			};
			name = Debug;
		};
		D854EE5C2304F27E00CFA3A8 /* Release */ = {
			isa = XCBuildConfiguration;
			buildSettings = {
				ASSETCATALOG_COMPILER_APPICON_NAME = AppIcon;
				CODE_SIGN_STYLE = Automatic;
				DEVELOPMENT_ASSET_PATHS = "SwiftUIDemo/Preview\\ Content";
				DEVELOPMENT_TEAM = Z4RWL5QZ5M;
				ENABLE_PREVIEWS = YES;
				INFOPLIST_FILE = SwiftUIDemo/Info.plist;
				LD_RUNPATH_SEARCH_PATHS = (
					"$(inherited)",
					"@executable_path/Frameworks",
				);
				PRODUCT_BUNDLE_IDENTIFIER = XuHongfei.SwiftUIDemo;
				PRODUCT_NAME = "$(TARGET_NAME)";
				SWIFT_VERSION = 5.0;
				TARGETED_DEVICE_FAMILY = "1,2";
			};
			name = Release;
		};
		D854EE5E2304F27E00CFA3A8 /* Debug */ = {
			isa = XCBuildConfiguration;
			buildSettings = {
				ALWAYS_EMBED_SWIFT_STANDARD_LIBRARIES = YES;
				BUNDLE_LOADER = "$(TEST_HOST)";
				CODE_SIGN_STYLE = Automatic;
				DEVELOPMENT_TEAM = Z4RWL5QZ5M;
				INFOPLIST_FILE = SwiftUIDemoTests/Info.plist;
				LD_RUNPATH_SEARCH_PATHS = (
					"$(inherited)",
					"@executable_path/Frameworks",
					"@loader_path/Frameworks",
				);
				PRODUCT_BUNDLE_IDENTIFIER = XuHongfei.SwiftUIDemoTests;
				PRODUCT_NAME = "$(TARGET_NAME)";
				SWIFT_VERSION = 5.0;
				TARGETED_DEVICE_FAMILY = "1,2";
				TEST_HOST = "$(BUILT_PRODUCTS_DIR)/SwiftUIDemo.app/SwiftUIDemo";
			};
			name = Debug;
		};
		D854EE5F2304F27E00CFA3A8 /* Release */ = {
			isa = XCBuildConfiguration;
			buildSettings = {
				ALWAYS_EMBED_SWIFT_STANDARD_LIBRARIES = YES;
				BUNDLE_LOADER = "$(TEST_HOST)";
				CODE_SIGN_STYLE = Automatic;
				DEVELOPMENT_TEAM = Z4RWL5QZ5M;
				INFOPLIST_FILE = SwiftUIDemoTests/Info.plist;
				LD_RUNPATH_SEARCH_PATHS = (
					"$(inherited)",
					"@executable_path/Frameworks",
					"@loader_path/Frameworks",
				);
				PRODUCT_BUNDLE_IDENTIFIER = XuHongfei.SwiftUIDemoTests;
				PRODUCT_NAME = "$(TARGET_NAME)";
				SWIFT_VERSION = 5.0;
				TARGETED_DEVICE_FAMILY = "1,2";
				TEST_HOST = "$(BUILT_PRODUCTS_DIR)/SwiftUIDemo.app/SwiftUIDemo";
			};
			name = Release;
		};
		D854EE612304F27E00CFA3A8 /* Debug */ = {
			isa = XCBuildConfiguration;
			buildSettings = {
				ALWAYS_EMBED_SWIFT_STANDARD_LIBRARIES = YES;
				CODE_SIGN_STYLE = Automatic;
				DEVELOPMENT_TEAM = Z4RWL5QZ5M;
				INFOPLIST_FILE = SwiftUIDemoUITests/Info.plist;
				LD_RUNPATH_SEARCH_PATHS = (
					"$(inherited)",
					"@executable_path/Frameworks",
					"@loader_path/Frameworks",
				);
				PRODUCT_BUNDLE_IDENTIFIER = XuHongfei.SwiftUIDemoUITests;
				PRODUCT_NAME = "$(TARGET_NAME)";
				SWIFT_VERSION = 5.0;
				TARGETED_DEVICE_FAMILY = "1,2";
				TEST_TARGET_NAME = SwiftUIDemo;
			};
			name = Debug;
		};
		D854EE622304F27E00CFA3A8 /* Release */ = {
			isa = XCBuildConfiguration;
			buildSettings = {
				ALWAYS_EMBED_SWIFT_STANDARD_LIBRARIES = YES;
				CODE_SIGN_STYLE = Automatic;
				DEVELOPMENT_TEAM = Z4RWL5QZ5M;
				INFOPLIST_FILE = SwiftUIDemoUITests/Info.plist;
				LD_RUNPATH_SEARCH_PATHS = (
					"$(inherited)",
					"@executable_path/Frameworks",
					"@loader_path/Frameworks",
				);
				PRODUCT_BUNDLE_IDENTIFIER = XuHongfei.SwiftUIDemoUITests;
				PRODUCT_NAME = "$(TARGET_NAME)";
				SWIFT_VERSION = 5.0;
				TARGETED_DEVICE_FAMILY = "1,2";
				TEST_TARGET_NAME = SwiftUIDemo;
			};
			name = Release;
		};
/* End XCBuildConfiguration section */

/* Begin XCConfigurationList section */
		D854EE2B2304F27B00CFA3A8 /* Build configuration list for PBXProject "SwiftUIDemo" */ = {
			isa = XCConfigurationList;
			buildConfigurations = (
				D854EE582304F27E00CFA3A8 /* Debug */,
				D854EE592304F27E00CFA3A8 /* Release */,
			);
			defaultConfigurationIsVisible = 0;
			defaultConfigurationName = Release;
		};
		D854EE5A2304F27E00CFA3A8 /* Build configuration list for PBXNativeTarget "SwiftUIDemo" */ = {
			isa = XCConfigurationList;
			buildConfigurations = (
				D854EE5B2304F27E00CFA3A8 /* Debug */,
				D854EE5C2304F27E00CFA3A8 /* Release */,
			);
			defaultConfigurationIsVisible = 0;
			defaultConfigurationName = Release;
		};
		D854EE5D2304F27E00CFA3A8 /* Build configuration list for PBXNativeTarget "SwiftUIDemoTests" */ = {
			isa = XCConfigurationList;
			buildConfigurations = (
				D854EE5E2304F27E00CFA3A8 /* Debug */,
				D854EE5F2304F27E00CFA3A8 /* Release */,
			);
			defaultConfigurationIsVisible = 0;
			defaultConfigurationName = Release;
		};
		D854EE602304F27E00CFA3A8 /* Build configuration list for PBXNativeTarget "SwiftUIDemoUITests" */ = {
			isa = XCConfigurationList;
			buildConfigurations = (
				D854EE612304F27E00CFA3A8 /* Debug */,
				D854EE622304F27E00CFA3A8 /* Release */,
			);
			defaultConfigurationIsVisible = 0;
			defaultConfigurationName = Release;
		};
/* End XCConfigurationList section */
	};
	rootObject = D854EE282304F27B00CFA3A8 /* Project object */;
}
